
Microsoft Visual Studio Solution File, Format Version 12.00
# Visual Studio Version 17
VisualStudioVersion = 17.8.34330.188
MinimumVisualStudioVersion = 10.0.40219.1
Project("{888888A0-9F3D-457C-B088-3A5042F75D52}") = "CIS110 Course Project", "CIS110 Course Project.pyproj", "{B49D4349-21E8-4267-982B-3ED7BA0728D5}"
EndProject
Global
	GlobalSection(SolutionConfigurationPlatforms) = preSolution
		Debug|Any CPU = Debug|Any CPU
		Release|Any CPU = Release|Any CPU
	EndGlobalSection
	GlobalSection(ProjectConfigurationPlatforms) = postSolution
		{B49D4349-21E8-4267-982B-3ED7BA0728D5}.Debug|Any CPU.ActiveCfg = Debug|Any CPU
		{B49D4349-21E8-4267-982B-3ED7BA0728D5}.Release|Any CPU.ActiveCfg = Release|Any CPU
	EndGlobalSection
	GlobalSection(SolutionProperties) = preSolution
		HideSolutionNode = FALSE
	EndGlobalSection
	GlobalSection(ExtensibilityGlobals) = postSolution
		SolutionGuid = {1300B366-0490-490A-9FA4-F33E06939C70}
	EndGlobalSection
EndGlobal
